{
  "name": "renovate_tutorial",
  "version": "0.0.1",
  "lockfileVersion": 1,
  "requires": true,
  "dependencies": {
    "eslint-plugin-unused-imports": {
      "version": "3.2.0",
      "resolved": "https://registry.npmjs.org/eslint-plugin-unused-imports/-/eslint-plugin-unused-imports-3.2.0.tgz",
      "integrity": "sha512-6uXyn6xdINEpxE1MtDjxQsyXB37lfyO2yKGVVgtD7WEWQGORSOZjgrD6hBhvGv4/SO+TOlS+UnC6JppRqbuwGQ==",
      "dev": true,
      "requires": {
        "eslint-rule-composer": "^0.3.0"
      }
    },
    "eslint-rule-composer": {
      "version": "0.3.0",
      "resolved": "https://registry.npmjs.org/eslint-rule-composer/-/eslint-rule-composer-0.3.0.tgz",
      "integrity": "sha512-bt+Sh8CtDmn2OajxvNO+BX7Wn4CIWMpTRm3MaiKPCQcnnlm0CS2mhui6QaoeQugs+3Kj2ESKEEGJUdVafwhiCg==",
      "dev": true
    }
  }
}
